// !$*UTF8*$!
{
	archiveVersion = 1;
	classes = {
	};
	objectVersion = 50;
	objects = {

/* Begin PBXBuildFile section */
		F0C7621026B41B8C00FB3F59 /* SourceControlXcode12App.swift in Sources */ = {isa = PBXBuildFile; fileRef = F0C7620F26B41B8C00FB3F59 /* SourceControlXcode12App.swift */; };
		F0C7621226B41B8C00FB3F59 /* ContentView.swift in Sources */ = {isa = PBXBuildFile; fileRef = F0C7621126B41B8C00FB3F59 /* ContentView.swift */; };
		F0C7621426B41B8E00FB3F59 /* Assets.xcassets in Resources */ = {isa = PBXBuildFile; fileRef = F0C7621326B41B8E00FB3F59 /* Assets.xcassets */; };
		F0C7621726B41B8E00FB3F59 /* Preview Assets.xcassets in Resources */ = {isa = PBXBuildFile; fileRef = F0C7621626B41B8E00FB3F59 /* Preview Assets.xcassets */; };
		F0C7622326B41B8E00FB3F59 /* SourceControlXcode12Tests.swift in Sources */ = {isa = PBXBuildFile; fileRef = F0C7622226B41B8E00FB3F59 /* SourceControlXcode12Tests.swift */; };
		F0C7622E26B41B8E00FB3F59 /* SourceControlXcode12UITests.swift in Sources */ = {isa = PBXBuildFile; fileRef = F0C7622D26B41B8E00FB3F59 /* SourceControlXcode12UITests.swift */; };
/* End PBXBuildFile section */

/* Begin PBXContainerItemProxy section */
		F0C7621F26B41B8E00FB3F59 /* PBXContainerItemProxy */ = {
			isa = PBXContainerItemProxy;
			containerPortal = F0C7620426B41B8C00FB3F59 /* Project object */;
			proxyType = 1;
			remoteGlobalIDString = F0C7620B26B41B8C00FB3F59;
			remoteInfo = SourceControlXcode12;
		};
		F0C7622A26B41B8E00FB3F59 /* PBXContainerItemProxy */ = {
			isa = PBXContainerItemProxy;
			containerPortal = F0C7620426B41B8C00FB3F59 /* Project object */;
			proxyType = 1;
			remoteGlobalIDString = F0C7620B26B41B8C00FB3F59;
			remoteInfo = SourceControlXcode12;
		};
/* End PBXContainerItemProxy section */

/* Begin PBXFileReference section */
		F0C7620C26B41B8C00FB3F59 /* SourceControlXcode12.app */ = {isa = PBXFileReference; explicitFileType = wrapper.application; includeInIndex = 0; path = SourceControlXcode12.app; sourceTree = BUILT_PRODUCTS_DIR; };
		F0C7620F26B41B8C00FB3F59 /* SourceControlXcode12App.swift */ = {isa = PBXFileReference; lastKnownFileType = sourcecode.swift; path = SourceControlXcode12App.swift; sourceTree = "<group>"; };
		F0C7621126B41B8C00FB3F59 /* ContentView.swift */ = {isa = PBXFileReference; lastKnownFileType = sourcecode.swift; path = ContentView.swift; sourceTree = "<group>"; };
		F0C7621326B41B8E00FB3F59 /* Assets.xcassets */ = {isa = PBXFileReference; lastKnownFileType = folder.assetcatalog; path = Assets.xcassets; sourceTree = "<group>"; };
		F0C7621626B41B8E00FB3F59 /* Preview Assets.xcassets */ = {isa = PBXFileReference; lastKnownFileType = folder.assetcatalog; path = "Preview Assets.xcassets"; sourceTree = "<group>"; };
		F0C7621826B41B8E00FB3F59 /* Info.plist */ = {isa = PBXFileReference; lastKnownFileType = text.plist.xml; path = Info.plist; sourceTree = "<group>"; };
		F0C7621926B41B8E00FB3F59 /* SourceControlXcode12.entitlements */ = {isa = PBXFileReference; lastKnownFileType = text.plist.entitlements; path = SourceControlXcode12.entitlements; sourceTree = "<group>"; };
		F0C7621E26B41B8E00FB3F59 /* SourceControlXcode12Tests.xctest */ = {isa = PBXFileReference; explicitFileType = wrapper.cfbundle; includeInIndex = 0; path = SourceControlXcode12Tests.xctest; sourceTree = BUILT_PRODUCTS_DIR; };
		F0C7622226B41B8E00FB3F59 /* SourceControlXcode12Tests.swift */ = {isa = PBXFileReference; lastKnownFileType = sourcecode.swift; path = SourceControlXcode12Tests.swift; sourceTree = "<group>"; };
		F0C7622426B41B8E00FB3F59 /* Info.plist */ = {isa = PBXFileReference; lastKnownFileType = text.plist.xml; path = Info.plist; sourceTree = "<group>"; };
		F0C7622926B41B8E00FB3F59 /* SourceControlXcode12UITests.xctest */ = {isa = PBXFileReference; explicitFileType = wrapper.cfbundle; includeInIndex = 0; path = SourceControlXcode12UITests.xctest; sourceTree = BUILT_PRODUCTS_DIR; };
		F0C7622D26B41B8E00FB3F59 /* SourceControlXcode12UITests.swift */ = {isa = PBXFileReference; lastKnownFileType = sourcecode.swift; path = SourceControlXcode12UITests.swift; sourceTree = "<group>"; };
		F0C7622F26B41B8E00FB3F59 /* Info.plist */ = {isa = PBXFileReference; lastKnownFileType = text.plist.xml; path = Info.plist; sourceTree = "<group>"; };
/* End PBXFileReference section */

/* Begin PBXFrameworksBuildPhase section */
		F0C7620926B41B8C00FB3F59 /* Frameworks */ = {
			isa = PBXFrameworksBuildPhase;
			buildActionMask = 2147483647;
			files = (
			);
			runOnlyForDeploymentPostprocessing = 0;
		};
		F0C7621B26B41B8E00FB3F59 /* Frameworks */ = {
			isa = PBXFrameworksBuildPhase;
			buildActionMask = 2147483647;
			files = (
			);
			runOnlyForDeploymentPostprocessing = 0;
		};
		F0C7622626B41B8E00FB3F59 /* Frameworks */ = {
			isa = PBXFrameworksBuildPhase;
			buildActionMask = 2147483647;
			files = (
			);
			runOnlyForDeploymentPostprocessing = 0;
		};
/* End PBXFrameworksBuildPhase section */

/* Begin PBXGroup section */
		F0C7620326B41B8C00FB3F59 = {
			isa = PBXGroup;
			children = (
				F0C7620E26B41B8C00FB3F59 /* SourceControlXcode12 */,
				F0C7622126B41B8E00FB3F59 /* SourceControlXcode12Tests */,
				F0C7622C26B41B8E00FB3F59 /* SourceControlXcode12UITests */,
				F0C7620D26B41B8C00FB3F59 /* Products */,
			);
			sourceTree = "<group>";
		};
		F0C7620D26B41B8C00FB3F59 /* Products */ = {
			isa = PBXGroup;
			children = (
				F0C7620C26B41B8C00FB3F59 /* SourceControlXcode12.app */,
				F0C7621E26B41B8E00FB3F59 /* SourceControlXcode12Tests.xctest */,
				F0C7622926B41B8E00FB3F59 /* SourceControlXcode12UITests.xctest */,
			);
			name = Products;
			sourceTree = "<group>";
		};
		F0C7620E26B41B8C00FB3F59 /* SourceControlXcode12 */ = {
			isa = PBXGroup;
			children = (
				F0C7620F26B41B8C00FB3F59 /* SourceControlXcode12App.swift */,
				F0C7621126B41B8C00FB3F59 /* ContentView.swift */,
				F0C7621326B41B8E00FB3F59 /* Assets.xcassets */,
				F0C7621826B41B8E00FB3F59 /* Info.plist */,
				F0C7621926B41B8E00FB3F59 /* SourceControlXcode12.entitlements */,
				F0C7621526B41B8E00FB3F59 /* Preview Content */,
			);
			path = SourceControlXcode12;
			sourceTree = "<group>";
		};
		F0C7621526B41B8E00FB3F59 /* Preview Content */ = {
			isa = PBXGroup;
			children = (
				F0C7621626B41B8E00FB3F59 /* Preview Assets.xcassets */,
			);
			path = "Preview Content";
			sourceTree = "<group>";
		};
		F0C7622126B41B8E00FB3F59 /* SourceControlXcode12Tests */ = {
			isa = PBXGroup;
			children = (
				F0C7622226B41B8E00FB3F59 /* SourceControlXcode12Tests.swift */,
				F0C7622426B41B8E00FB3F59 /* Info.plist */,
			);
			path = SourceControlXcode12Tests;
			sourceTree = "<group>";
		};
		F0C7622C26B41B8E00FB3F59 /* SourceControlXcode12UITests */ = {
			isa = PBXGroup;
			children = (
				F0C7622D26B41B8E00FB3F59 /* SourceControlXcode12UITests.swift */,
				F0C7622F26B41B8E00FB3F59 /* Info.plist */,
			);
			path = SourceControlXcode12UITests;
			sourceTree = "<group>";
		};
/* End PBXGroup section */

/* Begin PBXNativeTarget section */
		F0C7620B26B41B8C00FB3F59 /* SourceControlXcode12 */ = {
			isa = PBXNativeTarget;
			buildConfigurationList = F0C7623226B41B8E00FB3F59 /* Build configuration list for PBXNativeTarget "SourceControlXcode12" */;
			buildPhases = (
				F0C7620826B41B8C00FB3F59 /* Sources */,
				F0C7620926B41B8C00FB3F59 /* Frameworks */,
				F0C7620A26B41B8C00FB3F59 /* Resources */,
			);
			buildRules = (
			);
			dependencies = (
			);
			name = SourceControlXcode12;
			productName = SourceControlXcode12;
			productReference = F0C7620C26B41B8C00FB3F59 /* SourceControlXcode12.app */;
			productType = "com.apple.product-type.application";
		};
		F0C7621D26B41B8E00FB3F59 /* SourceControlXcode12Tests */ = {
			isa = PBXNativeTarget;
			buildConfigurationList = F0C7623526B41B8E00FB3F59 /* Build configuration list for PBXNativeTarget "SourceControlXcode12Tests" */;
			buildPhases = (
				F0C7621A26B41B8E00FB3F59 /* Sources */,
				F0C7621B26B41B8E00FB3F59 /* Frameworks */,
				F0C7621C26B41B8E00FB3F59 /* Resources */,
			);
			buildRules = (
			);
			dependencies = (
				F0C7622026B41B8E00FB3F59 /* PBXTargetDependency */,
			);
			name = SourceControlXcode12Tests;
			productName = SourceControlXcode12Tests;
			productReference = F0C7621E26B41B8E00FB3F59 /* SourceControlXcode12Tests.xctest */;
			productType = "com.apple.product-type.bundle.unit-test";
		};
		F0C7622826B41B8E00FB3F59 /* SourceControlXcode12UITests */ = {
			isa = PBXNativeTarget;
			buildConfigurationList = F0C7623826B41B8E00FB3F59 /* Build configuration list for PBXNativeTarget "SourceControlXcode12UITests" */;
			buildPhases = (
				F0C7622526B41B8E00FB3F59 /* Sources */,
				F0C7622626B41B8E00FB3F59 /* Frameworks */,
				F0C7622726B41B8E00FB3F59 /* Resources */,
			);
			buildRules = (
			);
			dependencies = (
				F0C7622B26B41B8E00FB3F59 /* PBXTargetDependency */,
			);
			name = SourceControlXcode12UITests;
			productName = SourceControlXcode12UITests;
			productReference = F0C7622926B41B8E00FB3F59 /* SourceControlXcode12UITests.xctest */;
			productType = "com.apple.product-type.bundle.ui-testing";
		};
/* End PBXNativeTarget section */

/* Begin PBXProject section */
		F0C7620426B41B8C00FB3F59 /* Project object */ = {
			isa = PBXProject;
			attributes = {
				LastSwiftUpdateCheck = 1250;
				LastUpgradeCheck = 1250;
				TargetAttributes = {
					F0C7620B26B41B8C00FB3F59 = {
						CreatedOnToolsVersion = 12.5.1;
					};
					F0C7621D26B41B8E00FB3F59 = {
						CreatedOnToolsVersion = 12.5.1;
						TestTargetID = F0C7620B26B41B8C00FB3F59;
					};
					F0C7622826B41B8E00FB3F59 = {
						CreatedOnToolsVersion = 12.5.1;
						TestTargetID = F0C7620B26B41B8C00FB3F59;
					};
				};
			};
			buildConfigurationList = F0C7620726B41B8C00FB3F59 /* Build configuration list for PBXProject "SourceControlXcode12" */;
			compatibilityVersion = "Xcode 9.3";
			developmentRegion = en;
			hasScannedForEncodings = 0;
			knownRegions = (
				en,
				Base,
			);
			mainGroup = F0C7620326B41B8C00FB3F59;
			productRefGroup = F0C7620D26B41B8C00FB3F59 /* Products */;
			projectDirPath = "";
			projectRoot = "";
			targets = (
				F0C7620B26B41B8C00FB3F59 /* SourceControlXcode12 */,
				F0C7621D26B41B8E00FB3F59 /* SourceControlXcode12Tests */,
				F0C7622826B41B8E00FB3F59 /* SourceControlXcode12UITests */,
			);
		};
/* End PBXProject section */

/* Begin PBXResourcesBuildPhase section */
		F0C7620A26B41B8C00FB3F59 /* Resources */ = {
			isa = PBXResourcesBuildPhase;
			buildActionMask = 2147483647;
			files = (
				F0C7621726B41B8E00FB3F59 /* Preview Assets.xcassets in Resources */,
				F0C7621426B41B8E00FB3F59 /* Assets.xcassets in Resources */,
			);
			runOnlyForDeploymentPostprocessing = 0;
		};
		F0C7621C26B41B8E00FB3F59 /* Resources */ = {
			isa = PBXResourcesBuildPhase;
			buildActionMask = 2147483647;
			files = (
			);
			runOnlyForDeploymentPostprocessing = 0;
		};
		F0C7622726B41B8E00FB3F59 /* Resources */ = {
			isa = PBXResourcesBuildPhase;
			buildActionMask = 2147483647;
			files = (
			);
			runOnlyForDeploymentPostprocessing = 0;
		};
/* End PBXResourcesBuildPhase section */

/* Begin PBXSourcesBuildPhase section */
		F0C7620826B41B8C00FB3F59 /* Sources */ = {
			isa = PBXSourcesBuildPhase;
			buildActionMask = 2147483647;
			files = (
				F0C7621226B41B8C00FB3F59 /* ContentView.swift in Sources */,
				F0C7621026B41B8C00FB3F59 /* SourceControlXcode12App.swift in Sources */,
			);
			runOnlyForDeploymentPostprocessing = 0;
		};
		F0C7621A26B41B8E00FB3F59 /* Sources */ = {
			isa = PBXSourcesBuildPhase;
			buildActionMask = 2147483647;
			files = (
				F0C7622326B41B8E00FB3F59 /* SourceControlXcode12Tests.swift in Sources */,
			);
			runOnlyForDeploymentPostprocessing = 0;
		};
		F0C7622526B41B8E00FB3F59 /* Sources */ = {
			isa = PBXSourcesBuildPhase;
			buildActionMask = 2147483647;
			files = (
				F0C7622E26B41B8E00FB3F59 /* SourceControlXcode12UITests.swift in Sources */,
			);
			runOnlyForDeploymentPostprocessing = 0;
		};
/* End PBXSourcesBuildPhase section */

/* Begin PBXTargetDependency section */
		F0C7622026B41B8E00FB3F59 /* PBXTargetDependency */ = {
			isa = PBXTargetDependency;
			target = F0C7620B26B41B8C00FB3F59 /* SourceControlXcode12 */;
			targetProxy = F0C7621F26B41B8E00FB3F59 /* PBXContainerItemProxy */;
		};
		F0C7622B26B41B8E00FB3F59 /* PBXTargetDependency */ = {
			isa = PBXTargetDependency;
			target = F0C7620B26B41B8C00FB3F59 /* SourceControlXcode12 */;
			targetProxy = F0C7622A26B41B8E00FB3F59 /* PBXContainerItemProxy */;
		};
/* End PBXTargetDependency section */

/* Begin XCBuildConfiguration section */
		F0C7623026B41B8E00FB3F59 /* Debug */ = {
			isa = XCBuildConfiguration;
			buildSettings = {
				ALWAYS_SEARCH_USER_PATHS = NO;
				CLANG_ANALYZER_NONNULL = YES;
				CLANG_ANALYZER_NUMBER_OBJECT_CONVERSION = YES_AGGRESSIVE;
				CLANG_CXX_LANGUAGE_STANDARD = "gnu++14";
				CLANG_CXX_LIBRARY = "libc++";
				CLANG_ENABLE_MODULES = YES;
				CLANG_ENABLE_OBJC_ARC = YES;
				CLANG_ENABLE_OBJC_WEAK = YES;
				CLANG_WARN_BLOCK_CAPTURE_AUTORELEASING = YES;
				CLANG_WARN_BOOL_CONVERSION = YES;
				CLANG_WARN_COMMA = YES;
				CLANG_WARN_CONSTANT_CONVERSION = YES;
				CLANG_WARN_DEPRECATED_OBJC_IMPLEMENTATIONS = YES;
				CLANG_WARN_DIRECT_OBJC_ISA_USAGE = YES_ERROR;
				CLANG_WARN_DOCUMENTATION_COMMENTS = YES;
				CLANG_WARN_EMPTY_BODY = YES;
				CLANG_WARN_ENUM_CONVERSION = YES;
				CLANG_WARN_INFINITE_RECURSION = YES;
				CLANG_WARN_INT_CONVERSION = YES;
				CLANG_WARN_NON_LITERAL_NULL_CONVERSION = YES;
				CLANG_WARN_OBJC_IMPLICIT_RETAIN_SELF = YES;
				CLANG_WARN_OBJC_LITERAL_CONVERSION = YES;
				CLANG_WARN_OBJC_ROOT_CLASS = YES_ERROR;
				CLANG_WARN_QUOTED_INCLUDE_IN_FRAMEWORK_HEADER = YES;
				CLANG_WARN_RANGE_LOOP_ANALYSIS = YES;
				CLANG_WARN_STRICT_PROTOTYPES = YES;
				CLANG_WARN_SUSPICIOUS_MOVE = YES;
				CLANG_WARN_UNGUARDED_AVAILABILITY = YES_AGGRESSIVE;
				CLANG_WARN_UNREACHABLE_CODE = YES;
				CLANG_WARN__DUPLICATE_METHOD_MATCH = YES;
				COPY_PHASE_STRIP = NO;
				DEBUG_INFORMATION_FORMAT = dwarf;
				ENABLE_STRICT_OBJC_MSGSEND = YES;
				ENABLE_TESTABILITY = YES;
				GCC_C_LANGUAGE_STANDARD = gnu11;
				GCC_DYNAMIC_NO_PIC = NO;
				GCC_NO_COMMON_BLOCKS = YES;
				GCC_OPTIMIZATION_LEVEL = 0;
				GCC_PREPROCESSOR_DEFINITIONS = (
					"DEBUG=1",
					"$(inherited)",
				);
				GCC_WARN_64_TO_32_BIT_CONVERSION = YES;
				GCC_WARN_ABOUT_RETURN_TYPE = YES_ERROR;
				GCC_WARN_UNDECLARED_SELECTOR = YES;
				GCC_WARN_UNINITIALIZED_AUTOS = YES_AGGRESSIVE;
				GCC_WARN_UNUSED_FUNCTION = YES;
				GCC_WARN_UNUSED_VARIABLE = YES;
				MACOSX_DEPLOYMENT_TARGET = 11.3;
				MTL_ENABLE_DEBUG_INFO = INCLUDE_SOURCE;
				MTL_FAST_MATH = YES;
				ONLY_ACTIVE_ARCH = YES;
				SDKROOT = macosx;
				SWIFT_ACTIVE_COMPILATION_CONDITIONS = DEBUG;
				SWIFT_OPTIMIZATION_LEVEL = "-Onone";
			};
			name = Debug;
		};
		F0C7623126B41B8E00FB3F59 /* Release */ = {
			isa = XCBuildConfiguration;
			buildSettings = {
				ALWAYS_SEARCH_USER_PATHS = NO;
				CLANG_ANALYZER_NONNULL = YES;
				CLANG_ANALYZER_NUMBER_OBJECT_CONVERSION = YES_AGGRESSIVE;
				CLANG_CXX_LANGUAGE_STANDARD = "gnu++14";
				CLANG_CXX_LIBRARY = "libc++";
				CLANG_ENABLE_MODULES = YES;
				CLANG_ENABLE_OBJC_ARC = YES;
				CLANG_ENABLE_OBJC_WEAK = YES;
				CLANG_WARN_BLOCK_CAPTURE_AUTORELEASING = YES;
				CLANG_WARN_BOOL_CONVERSION = YES;
				CLANG_WARN_COMMA = YES;
				CLANG_WARN_CONSTANT_CONVERSION = YES;
				CLANG_WARN_DEPRECATED_OBJC_IMPLEMENTATIONS = YES;
				CLANG_WARN_DIRECT_OBJC_ISA_USAGE = YES_ERROR;
				CLANG_WARN_DOCUMENTATION_COMMENTS = YES;
				CLANG_WARN_EMPTY_BODY = YES;
				CLANG_WARN_ENUM_CONVERSION = YES;
				CLANG_WARN_INFINITE_RECURSION = YES;
				CLANG_WARN_INT_CONVERSION = YES;
				CLANG_WARN_NON_LITERAL_NULL_CONVERSION = YES;
				CLANG_WARN_OBJC_IMPLICIT_RETAIN_SELF = YES;
				CLANG_WARN_OBJC_LITERAL_CONVERSION = YES;
				CLANG_WARN_OBJC_ROOT_CLASS = YES_ERROR;
				CLANG_WARN_QUOTED_INCLUDE_IN_FRAMEWORK_HEADER = YES;
				CLANG_WARN_RANGE_LOOP_ANALYSIS = YES;
				CLANG_WARN_STRICT_PROTOTYPES = YES;
				CLANG_WARN_SUSPICIOUS_MOVE = YES;
				CLANG_WARN_UNGUARDED_AVAILABILITY = YES_AGGRESSIVE;
				CLANG_WARN_UNREACHABLE_CODE = YES;
				CLANG_WARN__DUPLICATE_METHOD_MATCH = YES;
				COPY_PHASE_STRIP = NO;
				DEBUG_INFORMATION_FORMAT = "dwarf-with-dsym";
				ENABLE_NS_ASSERTIONS = NO;
				ENABLE_STRICT_OBJC_MSGSEND = YES;
				GCC_C_LANGUAGE_STANDARD = gnu11;
				GCC_NO_COMMON_BLOCKS = YES;
				GCC_WARN_64_TO_32_BIT_CONVERSION = YES;
				GCC_WARN_ABOUT_RETURN_TYPE = YES_ERROR;
				GCC_WARN_UNDECLARED_SELECTOR = YES;
				GCC_WARN_UNINITIALIZED_AUTOS = YES_AGGRESSIVE;
				GCC_WARN_UNUSED_FUNCTION = YES;
				GCC_WARN_UNUSED_VARIABLE = YES;
				MACOSX_DEPLOYMENT_TARGET = 11.3;
				MTL_ENABLE_DEBUG_INFO = NO;
				MTL_FAST_MATH = YES;
				SDKROOT = macosx;
				SWIFT_COMPILATION_MODE = wholemodule;
				SWIFT_OPTIMIZATION_LEVEL = "-O";
			};
			name = Release;
		};
		F0C7623326B41B8E00FB3F59 /* Debug */ = {
			isa = XCBuildConfiguration;
			buildSettings = {
				ASSETCATALOG_COMPILER_APPICON_NAME = AppIcon;
				ASSETCATALOG_COMPILER_GLOBAL_ACCENT_COLOR_NAME = AccentColor;
				CODE_SIGN_ENTITLEMENTS = SourceControlXcode12/SourceControlXcode12.entitlements;
				CODE_SIGN_STYLE = Automatic;
				COMBINE_HIDPI_IMAGES = YES;
				DEVELOPMENT_ASSET_PATHS = "\"SourceControlXcode12/Preview Content\"";
				DEVELOPMENT_TEAM = 5692BMC874;
				ENABLE_HARDENED_RUNTIME = YES;
				ENABLE_PREVIEWS = YES;
				INFOPLIST_FILE = SourceControlXcode12/Info.plist;
				LD_RUNPATH_SEARCH_PATHS = (
					"$(inherited)",
					"@executable_path/../Frameworks",
				);
				MACOSX_DEPLOYMENT_TARGET = 11.0;
				PRODUCT_BUNDLE_IDENTIFIER = "com.Jakkarin-Singnoo.SourceControlXcode12";
				PRODUCT_NAME = "$(TARGET_NAME)";
				SWIFT_VERSION = 5.0;
			};
			name = Debug;
		};
		F0C7623426B41B8E00FB3F59 /* Release */ = {
			isa = XCBuildConfiguration;
			buildSettings = {
				ASSETCATALOG_COMPILER_APPICON_NAME = AppIcon;
				ASSETCATALOG_COMPILER_GLOBAL_ACCENT_COLOR_NAME = AccentColor;
				CODE_SIGN_ENTITLEMENTS = SourceControlXcode12/SourceControlXcode12.entitlements;
				CODE_SIGN_STYLE = Automatic;
				COMBINE_HIDPI_IMAGES = YES;
				DEVELOPMENT_ASSET_PATHS = "\"SourceControlXcode12/Preview Content\"";
				DEVELOPMENT_TEAM = 5692BMC874;
				ENABLE_HARDENED_RUNTIME = YES;
				ENABLE_PREVIEWS = YES;
				INFOPLIST_FILE = SourceControlXcode12/Info.plist;
				LD_RUNPATH_SEARCH_PATHS = (
					"$(inherited)",
					"@executable_path/../Frameworks",
				);
				MACOSX_DEPLOYMENT_TARGET = 11.0;
				PRODUCT_BUNDLE_IDENTIFIER = "com.Jakkarin-Singnoo.SourceControlXcode12";
				PRODUCT_NAME = "$(TARGET_NAME)";
				SWIFT_VERSION = 5.0;
			};
			name = Release;
		};
		F0C7623626B41B8E00FB3F59 /* Debug */ = {
			isa = XCBuildConfiguration;
			buildSettings = {
				ALWAYS_EMBED_SWIFT_STANDARD_LIBRARIES = YES;
				BUNDLE_LOADER = "$(TEST_HOST)";
				CODE_SIGN_STYLE = Automatic;
				COMBINE_HIDPI_IMAGES = YES;
				DEVELOPMENT_TEAM = 5692BMC874;
				INFOPLIST_FILE = SourceControlXcode12Tests/Info.plist;
				LD_RUNPATH_SEARCH_PATHS = (
					"$(inherited)",
					"@executable_path/../Frameworks",
					"@loader_path/../Frameworks",
				);
				MACOSX_DEPLOYMENT_TARGET = 11.0;
				PRODUCT_BUNDLE_IDENTIFIER = "com.Jakkarin-Singnoo.SourceControlXcode12Tests";
				PRODUCT_NAME = "$(TARGET_NAME)";
				SWIFT_VERSION = 5.0;
				TEST_HOST = "$(BUILT_PRODUCTS_DIR)/SourceControlXcode12.app/Contents/MacOS/SourceControlXcode12";
			};
			name = Debug;
		};
		F0C7623726B41B8E00FB3F59 /* Release */ = {
			isa = XCBuildConfiguration;
			buildSettings = {
				ALWAYS_EMBED_SWIFT_STANDARD_LIBRARIES = YES;
				BUNDLE_LOADER = "$(TEST_HOST)";
				CODE_SIGN_STYLE = Automatic;
				COMBINE_HIDPI_IMAGES = YES;
				DEVELOPMENT_TEAM = 5692BMC874;
				INFOPLIST_FILE = SourceControlXcode12Tests/Info.plist;
				LD_RUNPATH_SEARCH_PATHS = (
					"$(inherited)",
					"@executable_path/../Frameworks",
					"@loader_path/../Frameworks",
				);
				MACOSX_DEPLOYMENT_TARGET = 11.0;
				PRODUCT_BUNDLE_IDENTIFIER = "com.Jakkarin-Singnoo.SourceControlXcode12Tests";
				PRODUCT_NAME = "$(TARGET_NAME)";
				SWIFT_VERSION = 5.0;
				TEST_HOST = "$(BUILT_PRODUCTS_DIR)/SourceControlXcode12.app/Contents/MacOS/SourceControlXcode12";
			};
			name = Release;
		};
		F0C7623926B41B8E00FB3F59 /* Debug */ = {
			isa = XCBuildConfiguration;
			buildSettings = {
				ALWAYS_EMBED_SWIFT_STANDARD_LIBRARIES = YES;
				CODE_SIGN_STYLE = Automatic;
				COMBINE_HIDPI_IMAGES = YES;
				DEVELOPMENT_TEAM = 5692BMC874;
				INFOPLIST_FILE = SourceControlXcode12UITests/Info.plist;
				LD_RUNPATH_SEARCH_PATHS = (
					"$(inherited)",
					"@executable_path/../Frameworks",
					"@loader_path/../Frameworks",
				);
				PRODUCT_BUNDLE_IDENTIFIER = "com.Jakkarin-Singnoo.SourceControlXcode12UITests";
				PRODUCT_NAME = "$(TARGET_NAME)";
				SWIFT_VERSION = 5.0;
				TEST_TARGET_NAME = SourceControlXcode12;
			};
			name = Debug;
		};
		F0C7623A26B41B8E00FB3F59 /* Release */ = {
			isa = XCBuildConfiguration;
			buildSettings = {
				ALWAYS_EMBED_SWIFT_STANDARD_LIBRARIES = YES;
				CODE_SIGN_STYLE = Automatic;
				COMBINE_HIDPI_IMAGES = YES;
				DEVELOPMENT_TEAM = 5692BMC874;
				INFOPLIST_FILE = SourceControlXcode12UITests/Info.plist;
				LD_RUNPATH_SEARCH_PATHS = (
					"$(inherited)",
					"@executable_path/../Frameworks",
					"@loader_path/../Frameworks",
				);
				PRODUCT_BUNDLE_IDENTIFIER = "com.Jakkarin-Singnoo.SourceControlXcode12UITests";
				PRODUCT_NAME = "$(TARGET_NAME)";
				SWIFT_VERSION = 5.0;
				TEST_TARGET_NAME = SourceControlXcode12;
			};
			name = Release;
		};
/* End XCBuildConfiguration section */

/* Begin XCConfigurationList section */
		F0C7620726B41B8C00FB3F59 /* Build configuration list for PBXProject "SourceControlXcode12" */ = {
			isa = XCConfigurationList;
			buildConfigurations = (
				F0C7623026B41B8E00FB3F59 /* Debug */,
				F0C7623126B41B8E00FB3F59 /* Release */,
			);
			defaultConfigurationIsVisible = 0;
			defaultConfigurationName = Release;
		};
		F0C7623226B41B8E00FB3F59 /* Build configuration list for PBXNativeTarget "SourceControlXcode12" */ = {
			isa = XCConfigurationList;
			buildConfigurations = (
				F0C7623326B41B8E00FB3F59 /* Debug */,
				F0C7623426B41B8E00FB3F59 /* Release */,
			);
			defaultConfigurationIsVisible = 0;
			defaultConfigurationName = Release;
		};
		F0C7623526B41B8E00FB3F59 /* Build configuration list for PBXNativeTarget "SourceControlXcode12Tests" */ = {
			isa = XCConfigurationList;
			buildConfigurations = (
				F0C7623626B41B8E00FB3F59 /* Debug */,
				F0C7623726B41B8E00FB3F59 /* Release */,
			);
			defaultConfigurationIsVisible = 0;
			defaultConfigurationName = Release;
		};
		F0C7623826B41B8E00FB3F59 /* Build configuration list for PBXNativeTarget "SourceControlXcode12UITests" */ = {
			isa = XCConfigurationList;
			buildConfigurations = (
				F0C7623926B41B8E00FB3F59 /* Debug */,
				F0C7623A26B41B8E00FB3F59 /* Release */,
			);
			defaultConfigurationIsVisible = 0;
			defaultConfigurationName = Release;
		};
/* End XCConfigurationList section */
	};
	rootObject = F0C7620426B41B8C00FB3F59 /* Project object */;
}
